
Microsoft Visual Studio Solution File, Format Version 12.00
# Visual Studio Version 17
VisualStudioVersion = 17.6.33815.320
MinimumVisualStudioVersion = 10.0.40219.1
Project("{FAE04EC0-301F-11D3-BF4B-00C04F79EFBC}") = "HomeWorkFishingElite", "HomeWorkFishingElite\HomeWorkFishingElite.csproj", "{531052CE-C134-468E-98C2-C66C852E88E7}"
EndProject
Global
	GlobalSection(SolutionConfigurationPlatforms) = preSolution
		Debug|Any CPU = Debug|Any CPU
		Release|Any CPU = Release|Any CPU
	EndGlobalSection
	GlobalSection(ProjectConfigurationPlatforms) = postSolution
		{531052CE-C134-468E-98C2-C66C852E88E7}.Debug|Any CPU.ActiveCfg = Debug|Any CPU
		{531052CE-C134-468E-98C2-C66C852E88E7}.Debug|Any CPU.Build.0 = Debug|Any CPU
		{531052CE-C134-468E-98C2-C66C852E88E7}.Release|Any CPU.ActiveCfg = Release|Any CPU
		{531052CE-C134-468E-98C2-C66C852E88E7}.Release|Any CPU.Build.0 = Release|Any CPU
	EndGlobalSection
	GlobalSection(SolutionProperties) = preSolution
		HideSolutionNode = FALSE
	EndGlobalSection
	GlobalSection(ExtensibilityGlobals) = postSolution
		SolutionGuid = {9A8ACB7A-B938-4472-9FD0-583168444BB7}
	EndGlobalSection
EndGlobal
